
Microsoft Visual Studio Solution File, Format Version 12.00
# Visual Studio Version 17
VisualStudioVersion = 17.9.34728.123
MinimumVisualStudioVersion = 10.0.40219.1
Project("{9A19103F-16F7-4668-BE54-9A1E7A4F7556}") = "EOToolsWeb", "EOToolsWeb\EOToolsWeb\EOToolsWeb.csproj", "{FF84FDF0-DA65-4DC3-B4FB-52A057315CAD}"
EndProject
Project("{9A19103F-16F7-4668-BE54-9A1E7A4F7556}") = "EOToolsWeb.Browser", "EOToolsWeb\EOToolsWeb.Browser\EOToolsWeb.Browser.csproj", "{9DC6417C-ABFA-4D3B-84AA-887C59505D60}"
EndProject
Project("{9A19103F-16F7-4668-BE54-9A1E7A4F7556}") = "EOToolsWeb.Api", "EOToolsWeb.Api\EOToolsWeb.Api.csproj", "{C641BCB3-6E69-447C-AC0B-58E71A45D25E}"
EndProject
Project("{9A19103F-16F7-4668-BE54-9A1E7A4F7556}") = "EOToolsWeb.Client", "EOToolsWeb.App\EOToolsWeb.Client.csproj", "{9DBF6D26-860B-4B8C-ADB5-2F793276C4FC}"
EndProject
Project("{2150E333-8FDC-42A3-9474-1A3956D46DE8}") = "Solution Items", "Solution Items", "{5A606754-7F70-4A64-8414-A2A0505E5B57}"
	ProjectSection(SolutionItems) = preProject
		.gitignore = .gitignore
	EndProjectSection
EndProject
Global
	GlobalSection(SolutionConfigurationPlatforms) = preSolution
		Debug|Any CPU = Debug|Any CPU
		Release|Any CPU = Release|Any CPU
	EndGlobalSection
	GlobalSection(ProjectConfigurationPlatforms) = postSolution
		{FF84FDF0-DA65-4DC3-B4FB-52A057315CAD}.Debug|Any CPU.ActiveCfg = Debug|Any CPU
		{FF84FDF0-DA65-4DC3-B4FB-52A057315CAD}.Debug|Any CPU.Build.0 = Debug|Any CPU
		{FF84FDF0-DA65-4DC3-B4FB-52A057315CAD}.Release|Any CPU.ActiveCfg = Release|Any CPU
		{FF84FDF0-DA65-4DC3-B4FB-52A057315CAD}.Release|Any CPU.Build.0 = Release|Any CPU
		{9DC6417C-ABFA-4D3B-84AA-887C59505D60}.Debug|Any CPU.ActiveCfg = Debug|Any CPU
		{9DC6417C-ABFA-4D3B-84AA-887C59505D60}.Debug|Any CPU.Build.0 = Debug|Any CPU
		{9DC6417C-ABFA-4D3B-84AA-887C59505D60}.Release|Any CPU.ActiveCfg = Release|Any CPU
		{9DC6417C-ABFA-4D3B-84AA-887C59505D60}.Release|Any CPU.Build.0 = Release|Any CPU
		{C641BCB3-6E69-447C-AC0B-58E71A45D25E}.Debug|Any CPU.ActiveCfg = Debug|Any CPU
		{C641BCB3-6E69-447C-AC0B-58E71A45D25E}.Debug|Any CPU.Build.0 = Debug|Any CPU
		{C641BCB3-6E69-447C-AC0B-58E71A45D25E}.Release|Any CPU.ActiveCfg = Release|Any CPU
		{C641BCB3-6E69-447C-AC0B-58E71A45D25E}.Release|Any CPU.Build.0 = Release|Any CPU
		{9DBF6D26-860B-4B8C-ADB5-2F793276C4FC}.Debug|Any CPU.ActiveCfg = Debug|Any CPU
		{9DBF6D26-860B-4B8C-ADB5-2F793276C4FC}.Debug|Any CPU.Build.0 = Debug|Any CPU
		{9DBF6D26-860B-4B8C-ADB5-2F793276C4FC}.Release|Any CPU.ActiveCfg = Release|Any CPU
		{9DBF6D26-860B-4B8C-ADB5-2F793276C4FC}.Release|Any CPU.Build.0 = Release|Any CPU
	EndGlobalSection
	GlobalSection(SolutionProperties) = preSolution
		HideSolutionNode = FALSE
	EndGlobalSection
	GlobalSection(ExtensibilityGlobals) = postSolution
		SolutionGuid = {B589B7A9-396F-4B3C-BBA0-097E48C6D792}
	EndGlobalSection
EndGlobal
